
Microsoft Visual Studio Solution File, Format Version 12.00
# Visual Studio Version 16
VisualStudioVersion = 16.0.30413.136
MinimumVisualStudioVersion = 10.0.40219.1
Project("{9A19103F-16F7-4668-BE54-9A1E7A4F7556}") = "Shortest_Path", "Shortest_Path\Shortest_Path.csproj", "{14D26EE0-551D-4FE1-ACCA-0956561DBB8A}"
EndProject
Project("{FAE04EC0-301F-11D3-BF4B-00C04F79EFBC}") = "ShortestPath.UnitTests", "ShortestPath.UnitTests\ShortestPath.UnitTests.csproj", "{CE90494C-F70E-4A44-8410-2840C33AD3D8}"
EndProject
Project("{FAE04EC0-301F-11D3-BF4B-00C04F79EFBC}") = "ShortestPath.IntegrationTest", "ShortestPath.IntegrationTest\ShortestPath.IntegrationTest.csproj", "{1A7D67DB-30A6-46BE-851A-23935C4564D4}"
EndProject
Global
	GlobalSection(SolutionConfigurationPlatforms) = preSolution
		Debug|Any CPU = Debug|Any CPU
		Release|Any CPU = Release|Any CPU
	EndGlobalSection
	GlobalSection(ProjectConfigurationPlatforms) = postSolution
		{14D26EE0-551D-4FE1-ACCA-0956561DBB8A}.Debug|Any CPU.ActiveCfg = Debug|Any CPU
		{14D26EE0-551D-4FE1-ACCA-0956561DBB8A}.Debug|Any CPU.Build.0 = Debug|Any CPU
		{14D26EE0-551D-4FE1-ACCA-0956561DBB8A}.Release|Any CPU.ActiveCfg = Release|Any CPU
		{14D26EE0-551D-4FE1-ACCA-0956561DBB8A}.Release|Any CPU.Build.0 = Release|Any CPU
		{CE90494C-F70E-4A44-8410-2840C33AD3D8}.Debug|Any CPU.ActiveCfg = Debug|Any CPU
		{CE90494C-F70E-4A44-8410-2840C33AD3D8}.Debug|Any CPU.Build.0 = Debug|Any CPU
		{CE90494C-F70E-4A44-8410-2840C33AD3D8}.Release|Any CPU.ActiveCfg = Release|Any CPU
		{CE90494C-F70E-4A44-8410-2840C33AD3D8}.Release|Any CPU.Build.0 = Release|Any CPU
		{1A7D67DB-30A6-46BE-851A-23935C4564D4}.Debug|Any CPU.ActiveCfg = Debug|Any CPU
		{1A7D67DB-30A6-46BE-851A-23935C4564D4}.Debug|Any CPU.Build.0 = Debug|Any CPU
		{1A7D67DB-30A6-46BE-851A-23935C4564D4}.Release|Any CPU.ActiveCfg = Release|Any CPU
		{1A7D67DB-30A6-46BE-851A-23935C4564D4}.Release|Any CPU.Build.0 = Release|Any CPU
	EndGlobalSection
	GlobalSection(SolutionProperties) = preSolution
		HideSolutionNode = FALSE
	EndGlobalSection
	GlobalSection(ExtensibilityGlobals) = postSolution
		SolutionGuid = {B6760E74-2012-42E8-80F3-F8598040A03E}
	EndGlobalSection
EndGlobal
